
Microsoft Visual Studio Solution File, Format Version 12.00
# Visual Studio 15
VisualStudioVersion = 15.0.27703.2000
MinimumVisualStudioVersion = 10.0.40219.1
Project("{2150E333-8FDC-42A3-9474-1A3956D46DE8}") = "Console", "Console", "{6BFFC5E4-BF04-474C-8606-177A590DF1D4}"
EndProject
Project("{FAE04EC0-301F-11D3-BF4B-00C04F79EFBC}") = "20180621", "Console\20180621\20180621.csproj", "{9BD38B8E-4609-4372-9B47-1F0CF4C5D24F}"
EndProject
Project("{FAE04EC0-301F-11D3-BF4B-00C04F79EFBC}") = "ExeclTool", "ExeclTool\ExeclTool.csproj", "{4C268A0A-9EF9-4658-9C44-534DBAAAED68}"
EndProject
Project("{FAE04EC0-301F-11D3-BF4B-00C04F79EFBC}") = "WordTool", "WordTool\WordTool.csproj", "{2D92975F-1CD1-44AB-AEEE-FC29F5446BC9}"
EndProject
Project("{2150E333-8FDC-42A3-9474-1A3956D46DE8}") = "Web", "Web", "{8FE62704-E39F-49E4-9CE1-6A1208785C43}"
EndProject
Project("{FAE04EC0-301F-11D3-BF4B-00C04F79EFBC}") = "OnlineWord", "OnlineWord\OnlineWord.csproj", "{053A880A-8A76-498B-A26E-FFB90DE4EBF3}"
EndProject
Global
	GlobalSection(SolutionConfigurationPlatforms) = preSolution
		Debug|Any CPU = Debug|Any CPU
		Release|Any CPU = Release|Any CPU
	EndGlobalSection
	GlobalSection(ProjectConfigurationPlatforms) = postSolution
		{9BD38B8E-4609-4372-9B47-1F0CF4C5D24F}.Debug|Any CPU.ActiveCfg = Debug|Any CPU
		{9BD38B8E-4609-4372-9B47-1F0CF4C5D24F}.Debug|Any CPU.Build.0 = Debug|Any CPU
		{9BD38B8E-4609-4372-9B47-1F0CF4C5D24F}.Release|Any CPU.ActiveCfg = Release|Any CPU
		{9BD38B8E-4609-4372-9B47-1F0CF4C5D24F}.Release|Any CPU.Build.0 = Release|Any CPU
		{4C268A0A-9EF9-4658-9C44-534DBAAAED68}.Debug|Any CPU.ActiveCfg = Debug|Any CPU
		{4C268A0A-9EF9-4658-9C44-534DBAAAED68}.Debug|Any CPU.Build.0 = Debug|Any CPU
		{4C268A0A-9EF9-4658-9C44-534DBAAAED68}.Release|Any CPU.ActiveCfg = Release|Any CPU
		{4C268A0A-9EF9-4658-9C44-534DBAAAED68}.Release|Any CPU.Build.0 = Release|Any CPU
		{2D92975F-1CD1-44AB-AEEE-FC29F5446BC9}.Debug|Any CPU.ActiveCfg = Debug|Any CPU
		{2D92975F-1CD1-44AB-AEEE-FC29F5446BC9}.Debug|Any CPU.Build.0 = Debug|Any CPU
		{2D92975F-1CD1-44AB-AEEE-FC29F5446BC9}.Release|Any CPU.ActiveCfg = Release|Any CPU
		{2D92975F-1CD1-44AB-AEEE-FC29F5446BC9}.Release|Any CPU.Build.0 = Release|Any CPU
		{053A880A-8A76-498B-A26E-FFB90DE4EBF3}.Debug|Any CPU.ActiveCfg = Debug|Any CPU
		{053A880A-8A76-498B-A26E-FFB90DE4EBF3}.Debug|Any CPU.Build.0 = Debug|Any CPU
		{053A880A-8A76-498B-A26E-FFB90DE4EBF3}.Release|Any CPU.ActiveCfg = Release|Any CPU
		{053A880A-8A76-498B-A26E-FFB90DE4EBF3}.Release|Any CPU.Build.0 = Release|Any CPU
	EndGlobalSection
	GlobalSection(SolutionProperties) = preSolution
		HideSolutionNode = FALSE
	EndGlobalSection
	GlobalSection(NestedProjects) = preSolution
		{9BD38B8E-4609-4372-9B47-1F0CF4C5D24F} = {6BFFC5E4-BF04-474C-8606-177A590DF1D4}
		{4C268A0A-9EF9-4658-9C44-534DBAAAED68} = {6BFFC5E4-BF04-474C-8606-177A590DF1D4}
		{2D92975F-1CD1-44AB-AEEE-FC29F5446BC9} = {6BFFC5E4-BF04-474C-8606-177A590DF1D4}
		{053A880A-8A76-498B-A26E-FFB90DE4EBF3} = {8FE62704-E39F-49E4-9CE1-6A1208785C43}
	EndGlobalSection
	GlobalSection(ExtensibilityGlobals) = postSolution
		SolutionGuid = {416D924C-46F5-4000-96EC-468E1408F5ED}
	EndGlobalSection
EndGlobal
