
Microsoft Visual Studio Solution File, Format Version 12.00
# Visual Studio 15
VisualStudioVersion = 15.0.27703.2000
MinimumVisualStudioVersion = 10.0.40219.1
Project("{2150E333-8FDC-42A3-9474-1A3956D46DE8}") = "Console", "Console", "{6BFFC5E4-BF04-474C-8606-177A590DF1D4}"
EndProject
Project("{FAE04EC0-301F-11D3-BF4B-00C04F79EFBC}") = "20180621", "Console\20180621\20180621.csproj", "{9BD38B8E-4609-4372-9B47-1F0CF4C5D24F}"
EndProject
Global
	GlobalSection(SolutionConfigurationPlatforms) = preSolution
		Debug|Any CPU = Debug|Any CPU
		Release|Any CPU = Release|Any CPU
	EndGlobalSection
	GlobalSection(ProjectConfigurationPlatforms) = postSolution
		{9BD38B8E-4609-4372-9B47-1F0CF4C5D24F}.Debug|Any CPU.ActiveCfg = Debug|Any CPU
		{9BD38B8E-4609-4372-9B47-1F0CF4C5D24F}.Debug|Any CPU.Build.0 = Debug|Any CPU
		{9BD38B8E-4609-4372-9B47-1F0CF4C5D24F}.Release|Any CPU.ActiveCfg = Release|Any CPU
		{9BD38B8E-4609-4372-9B47-1F0CF4C5D24F}.Release|Any CPU.Build.0 = Release|Any CPU
	EndGlobalSection
	GlobalSection(SolutionProperties) = preSolution
		HideSolutionNode = FALSE
	EndGlobalSection
	GlobalSection(NestedProjects) = preSolution
		{9BD38B8E-4609-4372-9B47-1F0CF4C5D24F} = {6BFFC5E4-BF04-474C-8606-177A590DF1D4}
	EndGlobalSection
	GlobalSection(ExtensibilityGlobals) = postSolution
		SolutionGuid = {416D924C-46F5-4000-96EC-468E1408F5ED}
	EndGlobalSection
EndGlobal
